// !$*UTF8*$!
{
	archiveVersion = 1;
	classes = {
	};
	objectVersion = 48;
	objects = {

/* Begin PBXBuildFile section */
		FA2AE2E51F8FF5450065C181 /* SecondScreenController.swift in Sources */ = {isa = PBXBuildFile; fileRef = FA2AE2E41F8FF5450065C181 /* SecondScreenController.swift */; };
		FA2AE2E81F8FF9960065C181 /* ColorTools.swift in Sources */ = {isa = PBXBuildFile; fileRef = FA2AE2E71F8FF9960065C181 /* ColorTools.swift */; };
		FA8E17CA1F8D3CF9008EA990 /* AppDelegate.swift in Sources */ = {isa = PBXBuildFile; fileRef = FA8E17C91F8D3CF9008EA990 /* AppDelegate.swift */; };
		FA8E17CC1F8D3CF9008EA990 /* ViewController.swift in Sources */ = {isa = PBXBuildFile; fileRef = FA8E17CB1F8D3CF9008EA990 /* ViewController.swift */; };
		FA8E17CF1F8D3CF9008EA990 /* Main.storyboard in Resources */ = {isa = PBXBuildFile; fileRef = FA8E17CD1F8D3CF9008EA990 /* Main.storyboard */; };
		FA8E17D11F8D3CF9008EA990 /* Assets.xcassets in Resources */ = {isa = PBXBuildFile; fileRef = FA8E17D01F8D3CF9008EA990 /* Assets.xcassets */; };
		FA8E17D41F8D3CF9008EA990 /* LaunchScreen.storyboard in Resources */ = {isa = PBXBuildFile; fileRef = FA8E17D21F8D3CF9008EA990 /* LaunchScreen.storyboard */; };
		FA8E17DF1F8D3CF9008EA990 /* WhateverTests.swift in Sources */ = {isa = PBXBuildFile; fileRef = FA8E17DE1F8D3CF9008EA990 /* WhateverTests.swift */; };
		FA9D68491F953A5600B929CF /* ThirdViewController.swift in Sources */ = {isa = PBXBuildFile; fileRef = FA9D68481F953A5600B929CF /* ThirdViewController.swift */; };
/* End PBXBuildFile section */

/* Begin PBXContainerItemProxy section */
		FA8E17DB1F8D3CF9008EA990 /* PBXContainerItemProxy */ = {
			isa = PBXContainerItemProxy;
			containerPortal = FA8E17BE1F8D3CF9008EA990 /* Project object */;
			proxyType = 1;
			remoteGlobalIDString = FA8E17C51F8D3CF9008EA990;
			remoteInfo = Whatever;
		};
/* End PBXContainerItemProxy section */

/* Begin PBXFileReference section */
		FA2AE2E41F8FF5450065C181 /* SecondScreenController.swift */ = {isa = PBXFileReference; lastKnownFileType = sourcecode.swift; path = SecondScreenController.swift; sourceTree = "<group>"; };
		FA2AE2E71F8FF9960065C181 /* ColorTools.swift */ = {isa = PBXFileReference; lastKnownFileType = sourcecode.swift; path = ColorTools.swift; sourceTree = "<group>"; };
		FA8E17C61F8D3CF9008EA990 /* Whatever.app */ = {isa = PBXFileReference; explicitFileType = wrapper.application; includeInIndex = 0; path = Whatever.app; sourceTree = BUILT_PRODUCTS_DIR; };
		FA8E17C91F8D3CF9008EA990 /* AppDelegate.swift */ = {isa = PBXFileReference; lastKnownFileType = sourcecode.swift; path = AppDelegate.swift; sourceTree = "<group>"; };
		FA8E17CB1F8D3CF9008EA990 /* ViewController.swift */ = {isa = PBXFileReference; lastKnownFileType = sourcecode.swift; path = ViewController.swift; sourceTree = "<group>"; };
		FA8E17CE1F8D3CF9008EA990 /* Base */ = {isa = PBXFileReference; lastKnownFileType = file.storyboard; name = Base; path = Base.lproj/Main.storyboard; sourceTree = "<group>"; };
		FA8E17D01F8D3CF9008EA990 /* Assets.xcassets */ = {isa = PBXFileReference; lastKnownFileType = folder.assetcatalog; path = Assets.xcassets; sourceTree = "<group>"; };
		FA8E17D31F8D3CF9008EA990 /* Base */ = {isa = PBXFileReference; lastKnownFileType = file.storyboard; name = Base; path = Base.lproj/LaunchScreen.storyboard; sourceTree = "<group>"; };
		FA8E17D51F8D3CF9008EA990 /* Info.plist */ = {isa = PBXFileReference; lastKnownFileType = text.plist.xml; path = Info.plist; sourceTree = "<group>"; };
		FA8E17DA1F8D3CF9008EA990 /* WhateverTests.xctest */ = {isa = PBXFileReference; explicitFileType = wrapper.cfbundle; includeInIndex = 0; path = WhateverTests.xctest; sourceTree = BUILT_PRODUCTS_DIR; };
		FA8E17DE1F8D3CF9008EA990 /* WhateverTests.swift */ = {isa = PBXFileReference; lastKnownFileType = sourcecode.swift; path = WhateverTests.swift; sourceTree = "<group>"; };
		FA8E17E01F8D3CF9008EA990 /* Info.plist */ = {isa = PBXFileReference; lastKnownFileType = text.plist.xml; path = Info.plist; sourceTree = "<group>"; };
		FA9D68481F953A5600B929CF /* ThirdViewController.swift */ = {isa = PBXFileReference; lastKnownFileType = sourcecode.swift; path = ThirdViewController.swift; sourceTree = "<group>"; };
/* End PBXFileReference section */

/* Begin PBXFrameworksBuildPhase section */
		FA8E17C31F8D3CF9008EA990 /* Frameworks */ = {
			isa = PBXFrameworksBuildPhase;
			buildActionMask = 2147483647;
			files = (
			);
			runOnlyForDeploymentPostprocessing = 0;
		};
		FA8E17D71F8D3CF9008EA990 /* Frameworks */ = {
			isa = PBXFrameworksBuildPhase;
			buildActionMask = 2147483647;
			files = (
			);
			runOnlyForDeploymentPostprocessing = 0;
		};
/* End PBXFrameworksBuildPhase section */

/* Begin PBXGroup section */
		FA2AE2E61F8FF9820065C181 /* Model */ = {
			isa = PBXGroup;
			children = (
				FA2AE2E71F8FF9960065C181 /* ColorTools.swift */,
			);
			path = Model;
			sourceTree = "<group>";
		};
		FA8E17BD1F8D3CF9008EA990 = {
			isa = PBXGroup;
			children = (
				FA8E17C81F8D3CF9008EA990 /* Whatever */,
				FA8E17DD1F8D3CF9008EA990 /* WhateverTests */,
				FA8E17C71F8D3CF9008EA990 /* Products */,
			);
			sourceTree = "<group>";
		};
		FA8E17C71F8D3CF9008EA990 /* Products */ = {
			isa = PBXGroup;
			children = (
				FA8E17C61F8D3CF9008EA990 /* Whatever.app */,
				FA8E17DA1F8D3CF9008EA990 /* WhateverTests.xctest */,
			);
			name = Products;
			sourceTree = "<group>";
		};
		FA8E17C81F8D3CF9008EA990 /* Whatever */ = {
			isa = PBXGroup;
			children = (
				FA2AE2E61F8FF9820065C181 /* Model */,
				FA8E17EB1F8D4E3C008EA990 /* Resources */,
				FA8E17EA1F8D4E27008EA990 /* View */,
				FA8E17E91F8D4E16008EA990 /* Controller */,
				FA8E17C91F8D3CF9008EA990 /* AppDelegate.swift */,
				FA8E17CB1F8D3CF9008EA990 /* ViewController.swift */,
				FA8E17CD1F8D3CF9008EA990 /* Main.storyboard */,
				FA8E17D01F8D3CF9008EA990 /* Assets.xcassets */,
				FA8E17D21F8D3CF9008EA990 /* LaunchScreen.storyboard */,
				FA8E17D51F8D3CF9008EA990 /* Info.plist */,
			);
			path = Whatever;
			sourceTree = "<group>";
		};
		FA8E17DD1F8D3CF9008EA990 /* WhateverTests */ = {
			isa = PBXGroup;
			children = (
				FA8E17DE1F8D3CF9008EA990 /* WhateverTests.swift */,
				FA8E17E01F8D3CF9008EA990 /* Info.plist */,
			);
			path = WhateverTests;
			sourceTree = "<group>";
		};
		FA8E17E91F8D4E16008EA990 /* Controller */ = {
			isa = PBXGroup;
			children = (
				FA2AE2E41F8FF5450065C181 /* SecondScreenController.swift */,
				FA9D68481F953A5600B929CF /* ThirdViewController.swift */,
			);
			path = Controller;
			sourceTree = "<group>";
		};
		FA8E17EA1F8D4E27008EA990 /* View */ = {
			isa = PBXGroup;
			children = (
			);
			path = View;
			sourceTree = "<group>";
		};
		FA8E17EB1F8D4E3C008EA990 /* Resources */ = {
			isa = PBXGroup;
			children = (
			);
			path = Resources;
			sourceTree = "<group>";
		};
/* End PBXGroup section */

/* Begin PBXNativeTarget section */
		FA8E17C51F8D3CF9008EA990 /* Whatever */ = {
			isa = PBXNativeTarget;
			buildConfigurationList = FA8E17E31F8D3CF9008EA990 /* Build configuration list for PBXNativeTarget "Whatever" */;
			buildPhases = (
				FA8E17C21F8D3CF9008EA990 /* Sources */,
				FA8E17C31F8D3CF9008EA990 /* Frameworks */,
				FA8E17C41F8D3CF9008EA990 /* Resources */,
			);
			buildRules = (
			);
			dependencies = (
			);
			name = Whatever;
			productName = Whatever;
			productReference = FA8E17C61F8D3CF9008EA990 /* Whatever.app */;
			productType = "com.apple.product-type.application";
		};
		FA8E17D91F8D3CF9008EA990 /* WhateverTests */ = {
			isa = PBXNativeTarget;
			buildConfigurationList = FA8E17E61F8D3CF9008EA990 /* Build configuration list for PBXNativeTarget "WhateverTests" */;
			buildPhases = (
				FA8E17D61F8D3CF9008EA990 /* Sources */,
				FA8E17D71F8D3CF9008EA990 /* Frameworks */,
				FA8E17D81F8D3CF9008EA990 /* Resources */,
			);
			buildRules = (
			);
			dependencies = (
				FA8E17DC1F8D3CF9008EA990 /* PBXTargetDependency */,
			);
			name = WhateverTests;
			productName = WhateverTests;
			productReference = FA8E17DA1F8D3CF9008EA990 /* WhateverTests.xctest */;
			productType = "com.apple.product-type.bundle.unit-test";
		};
/* End PBXNativeTarget section */

/* Begin PBXProject section */
		FA8E17BE1F8D3CF9008EA990 /* Project object */ = {
			isa = PBXProject;
			attributes = {
				LastSwiftUpdateCheck = 0900;
				LastUpgradeCheck = 0900;
				ORGANIZATIONNAME = "Brailow Inc.";
				TargetAttributes = {
					FA8E17C51F8D3CF9008EA990 = {
						CreatedOnToolsVersion = 9.0;
						ProvisioningStyle = Automatic;
					};
					FA8E17D91F8D3CF9008EA990 = {
						CreatedOnToolsVersion = 9.0;
						ProvisioningStyle = Automatic;
						TestTargetID = FA8E17C51F8D3CF9008EA990;
					};
				};
			};
			buildConfigurationList = FA8E17C11F8D3CF9008EA990 /* Build configuration list for PBXProject "Whatever" */;
			compatibilityVersion = "Xcode 8.0";
			developmentRegion = en;
			hasScannedForEncodings = 0;
			knownRegions = (
				en,
				Base,
			);
			mainGroup = FA8E17BD1F8D3CF9008EA990;
			productRefGroup = FA8E17C71F8D3CF9008EA990 /* Products */;
			projectDirPath = "";
			projectRoot = "";
			targets = (
				FA8E17C51F8D3CF9008EA990 /* Whatever */,
				FA8E17D91F8D3CF9008EA990 /* WhateverTests */,
			);
		};
/* End PBXProject section */

/* Begin PBXResourcesBuildPhase section */
		FA8E17C41F8D3CF9008EA990 /* Resources */ = {
			isa = PBXResourcesBuildPhase;
			buildActionMask = 2147483647;
			files = (
				FA8E17D41F8D3CF9008EA990 /* LaunchScreen.storyboard in Resources */,
				FA8E17D11F8D3CF9008EA990 /* Assets.xcassets in Resources */,
				FA8E17CF1F8D3CF9008EA990 /* Main.storyboard in Resources */,
			);
			runOnlyForDeploymentPostprocessing = 0;
		};
		FA8E17D81F8D3CF9008EA990 /* Resources */ = {
			isa = PBXResourcesBuildPhase;
			buildActionMask = 2147483647;
			files = (
			);
			runOnlyForDeploymentPostprocessing = 0;
		};
/* End PBXResourcesBuildPhase section */

/* Begin PBXSourcesBuildPhase section */
		FA8E17C21F8D3CF9008EA990 /* Sources */ = {
			isa = PBXSourcesBuildPhase;
			buildActionMask = 2147483647;
			files = (
				FA8E17CC1F8D3CF9008EA990 /* ViewController.swift in Sources */,
				FA8E17CA1F8D3CF9008EA990 /* AppDelegate.swift in Sources */,
				FA9D68491F953A5600B929CF /* ThirdViewController.swift in Sources */,
				FA2AE2E51F8FF5450065C181 /* SecondScreenController.swift in Sources */,
				FA2AE2E81F8FF9960065C181 /* ColorTools.swift in Sources */,
			);
			runOnlyForDeploymentPostprocessing = 0;
		};
		FA8E17D61F8D3CF9008EA990 /* Sources */ = {
			isa = PBXSourcesBuildPhase;
			buildActionMask = 2147483647;
			files = (
				FA8E17DF1F8D3CF9008EA990 /* WhateverTests.swift in Sources */,
			);
			runOnlyForDeploymentPostprocessing = 0;
		};
/* End PBXSourcesBuildPhase section */

/* Begin PBXTargetDependency section */
		FA8E17DC1F8D3CF9008EA990 /* PBXTargetDependency */ = {
			isa = PBXTargetDependency;
			target = FA8E17C51F8D3CF9008EA990 /* Whatever */;
			targetProxy = FA8E17DB1F8D3CF9008EA990 /* PBXContainerItemProxy */;
		};
/* End PBXTargetDependency section */

/* Begin PBXVariantGroup section */
		FA8E17CD1F8D3CF9008EA990 /* Main.storyboard */ = {
			isa = PBXVariantGroup;
			children = (
				FA8E17CE1F8D3CF9008EA990 /* Base */,
			);
			name = Main.storyboard;
			sourceTree = "<group>";
		};
		FA8E17D21F8D3CF9008EA990 /* LaunchScreen.storyboard */ = {
			isa = PBXVariantGroup;
			children = (
				FA8E17D31F8D3CF9008EA990 /* Base */,
			);
			name = LaunchScreen.storyboard;
			sourceTree = "<group>";
		};
/* End PBXVariantGroup section */

/* Begin XCBuildConfiguration section */
		FA8E17E11F8D3CF9008EA990 /* Debug */ = {
			isa = XCBuildConfiguration;
			buildSettings = {
				ALWAYS_SEARCH_USER_PATHS = NO;
				CLANG_ANALYZER_NONNULL = YES;
				CLANG_ANALYZER_NUMBER_OBJECT_CONVERSION = YES_AGGRESSIVE;
				CLANG_CXX_LANGUAGE_STANDARD = "gnu++14";
				CLANG_CXX_LIBRARY = "libc++";
				CLANG_ENABLE_MODULES = YES;
				CLANG_ENABLE_OBJC_ARC = YES;
				CLANG_WARN_BLOCK_CAPTURE_AUTORELEASING = YES;
				CLANG_WARN_BOOL_CONVERSION = YES;
				CLANG_WARN_COMMA = YES;
				CLANG_WARN_CONSTANT_CONVERSION = YES;
				CLANG_WARN_DIRECT_OBJC_ISA_USAGE = YES_ERROR;
				CLANG_WARN_DOCUMENTATION_COMMENTS = YES;
				CLANG_WARN_EMPTY_BODY = YES;
				CLANG_WARN_ENUM_CONVERSION = YES;
				CLANG_WARN_INFINITE_RECURSION = YES;
				CLANG_WARN_INT_CONVERSION = YES;
				CLANG_WARN_NON_LITERAL_NULL_CONVERSION = YES;
				CLANG_WARN_OBJC_LITERAL_CONVERSION = YES;
				CLANG_WARN_OBJC_ROOT_CLASS = YES_ERROR;
				CLANG_WARN_RANGE_LOOP_ANALYSIS = YES;
				CLANG_WARN_STRICT_PROTOTYPES = YES;
				CLANG_WARN_SUSPICIOUS_MOVE = YES;
				CLANG_WARN_UNGUARDED_AVAILABILITY = YES_AGGRESSIVE;
				CLANG_WARN_UNREACHABLE_CODE = YES;
				CLANG_WARN__DUPLICATE_METHOD_MATCH = YES;
				CODE_SIGN_IDENTITY = "iPhone Developer";
				COPY_PHASE_STRIP = NO;
				DEBUG_INFORMATION_FORMAT = dwarf;
				ENABLE_STRICT_OBJC_MSGSEND = YES;
				ENABLE_TESTABILITY = YES;
				GCC_C_LANGUAGE_STANDARD = gnu11;
				GCC_DYNAMIC_NO_PIC = NO;
				GCC_NO_COMMON_BLOCKS = YES;
				GCC_OPTIMIZATION_LEVEL = 0;
				GCC_PREPROCESSOR_DEFINITIONS = (
					"DEBUG=1",
					"$(inherited)",
				);
				GCC_WARN_64_TO_32_BIT_CONVERSION = YES;
				GCC_WARN_ABOUT_RETURN_TYPE = YES_ERROR;
				GCC_WARN_UNDECLARED_SELECTOR = YES;
				GCC_WARN_UNINITIALIZED_AUTOS = YES_AGGRESSIVE;
				GCC_WARN_UNUSED_FUNCTION = YES;
				GCC_WARN_UNUSED_VARIABLE = YES;
				IPHONEOS_DEPLOYMENT_TARGET = 11.0;
				MTL_ENABLE_DEBUG_INFO = YES;
				ONLY_ACTIVE_ARCH = YES;
				SDKROOT = iphoneos;
				SWIFT_ACTIVE_COMPILATION_CONDITIONS = DEBUG;
				SWIFT_OPTIMIZATION_LEVEL = "-Onone";
			};
			name = Debug;
		};
		FA8E17E21F8D3CF9008EA990 /* Release */ = {
			isa = XCBuildConfiguration;
			buildSettings = {
				ALWAYS_SEARCH_USER_PATHS = NO;
				CLANG_ANALYZER_NONNULL = YES;
				CLANG_ANALYZER_NUMBER_OBJECT_CONVERSION = YES_AGGRESSIVE;
				CLANG_CXX_LANGUAGE_STANDARD = "gnu++14";
				CLANG_CXX_LIBRARY = "libc++";
				CLANG_ENABLE_MODULES = YES;
				CLANG_ENABLE_OBJC_ARC = YES;
				CLANG_WARN_BLOCK_CAPTURE_AUTORELEASING = YES;
				CLANG_WARN_BOOL_CONVERSION = YES;
				CLANG_WARN_COMMA = YES;
				CLANG_WARN_CONSTANT_CONVERSION = YES;
				CLANG_WARN_DIRECT_OBJC_ISA_USAGE = YES_ERROR;
				CLANG_WARN_DOCUMENTATION_COMMENTS = YES;
				CLANG_WARN_EMPTY_BODY = YES;
				CLANG_WARN_ENUM_CONVERSION = YES;
				CLANG_WARN_INFINITE_RECURSION = YES;
				CLANG_WARN_INT_CONVERSION = YES;
				CLANG_WARN_NON_LITERAL_NULL_CONVERSION = YES;
				CLANG_WARN_OBJC_LITERAL_CONVERSION = YES;
				CLANG_WARN_OBJC_ROOT_CLASS = YES_ERROR;
				CLANG_WARN_RANGE_LOOP_ANALYSIS = YES;
				CLANG_WARN_STRICT_PROTOTYPES = YES;
				CLANG_WARN_SUSPICIOUS_MOVE = YES;
				CLANG_WARN_UNGUARDED_AVAILABILITY = YES_AGGRESSIVE;
				CLANG_WARN_UNREACHABLE_CODE = YES;
				CLANG_WARN__DUPLICATE_METHOD_MATCH = YES;
				CODE_SIGN_IDENTITY = "iPhone Developer";
				COPY_PHASE_STRIP = NO;
				DEBUG_INFORMATION_FORMAT = "dwarf-with-dsym";
				ENABLE_NS_ASSERTIONS = NO;
				ENABLE_STRICT_OBJC_MSGSEND = YES;
				GCC_C_LANGUAGE_STANDARD = gnu11;
				GCC_NO_COMMON_BLOCKS = YES;
				GCC_WARN_64_TO_32_BIT_CONVERSION = YES;
				GCC_WARN_ABOUT_RETURN_TYPE = YES_ERROR;
				GCC_WARN_UNDECLARED_SELECTOR = YES;
				GCC_WARN_UNINITIALIZED_AUTOS = YES_AGGRESSIVE;
				GCC_WARN_UNUSED_FUNCTION = YES;
				GCC_WARN_UNUSED_VARIABLE = YES;
				IPHONEOS_DEPLOYMENT_TARGET = 11.0;
				MTL_ENABLE_DEBUG_INFO = NO;
				SDKROOT = iphoneos;
				SWIFT_OPTIMIZATION_LEVEL = "-Owholemodule";
				VALIDATE_PRODUCT = YES;
			};
			name = Release;
		};
		FA8E17E41F8D3CF9008EA990 /* Debug */ = {
			isa = XCBuildConfiguration;
			buildSettings = {
				ASSETCATALOG_COMPILER_APPICON_NAME = AppIcon;
				CODE_SIGN_STYLE = Automatic;
				INFOPLIST_FILE = Whatever/Info.plist;
				LD_RUNPATH_SEARCH_PATHS = "$(inherited) @executable_path/Frameworks";
				PRODUCT_BUNDLE_IDENTIFIER = "Brailow-Inc..Whatever";
				PRODUCT_NAME = "$(TARGET_NAME)";
				SWIFT_VERSION = 4.0;
				TARGETED_DEVICE_FAMILY = "1,2";
			};
			name = Debug;
		};
		FA8E17E51F8D3CF9008EA990 /* Release */ = {
			isa = XCBuildConfiguration;
			buildSettings = {
				ASSETCATALOG_COMPILER_APPICON_NAME = AppIcon;
				CODE_SIGN_STYLE = Automatic;
				INFOPLIST_FILE = Whatever/Info.plist;
				LD_RUNPATH_SEARCH_PATHS = "$(inherited) @executable_path/Frameworks";
				PRODUCT_BUNDLE_IDENTIFIER = "Brailow-Inc..Whatever";
				PRODUCT_NAME = "$(TARGET_NAME)";
				SWIFT_VERSION = 4.0;
				TARGETED_DEVICE_FAMILY = "1,2";
			};
			name = Release;
		};
		FA8E17E71F8D3CF9008EA990 /* Debug */ = {
			isa = XCBuildConfiguration;
			buildSettings = {
				ALWAYS_EMBED_SWIFT_STANDARD_LIBRARIES = YES;
				BUNDLE_LOADER = "$(TEST_HOST)";
				CODE_SIGN_STYLE = Automatic;
				INFOPLIST_FILE = WhateverTests/Info.plist;
				LD_RUNPATH_SEARCH_PATHS = "$(inherited) @executable_path/Frameworks @loader_path/Frameworks";
				PRODUCT_BUNDLE_IDENTIFIER = "Brailow-Inc..WhateverTests";
				PRODUCT_NAME = "$(TARGET_NAME)";
				SWIFT_VERSION = 4.0;
				TARGETED_DEVICE_FAMILY = "1,2";
				TEST_HOST = "$(BUILT_PRODUCTS_DIR)/Whatever.app/Whatever";
			};
			name = Debug;
		};
		FA8E17E81F8D3CF9008EA990 /* Release */ = {
			isa = XCBuildConfiguration;
			buildSettings = {
				ALWAYS_EMBED_SWIFT_STANDARD_LIBRARIES = YES;
				BUNDLE_LOADER = "$(TEST_HOST)";
				CODE_SIGN_STYLE = Automatic;
				INFOPLIST_FILE = WhateverTests/Info.plist;
				LD_RUNPATH_SEARCH_PATHS = "$(inherited) @executable_path/Frameworks @loader_path/Frameworks";
				PRODUCT_BUNDLE_IDENTIFIER = "Brailow-Inc..WhateverTests";
				PRODUCT_NAME = "$(TARGET_NAME)";
				SWIFT_VERSION = 4.0;
				TARGETED_DEVICE_FAMILY = "1,2";
				TEST_HOST = "$(BUILT_PRODUCTS_DIR)/Whatever.app/Whatever";
			};
			name = Release;
		};
/* End XCBuildConfiguration section */

/* Begin XCConfigurationList section */
		FA8E17C11F8D3CF9008EA990 /* Build configuration list for PBXProject "Whatever" */ = {
			isa = XCConfigurationList;
			buildConfigurations = (
				FA8E17E11F8D3CF9008EA990 /* Debug */,
				FA8E17E21F8D3CF9008EA990 /* Release */,
			);
			defaultConfigurationIsVisible = 0;
			defaultConfigurationName = Release;
		};
		FA8E17E31F8D3CF9008EA990 /* Build configuration list for PBXNativeTarget "Whatever" */ = {
			isa = XCConfigurationList;
			buildConfigurations = (
				FA8E17E41F8D3CF9008EA990 /* Debug */,
				FA8E17E51F8D3CF9008EA990 /* Release */,
			);
			defaultConfigurationIsVisible = 0;
			defaultConfigurationName = Release;
		};
		FA8E17E61F8D3CF9008EA990 /* Build configuration list for PBXNativeTarget "WhateverTests" */ = {
			isa = XCConfigurationList;
			buildConfigurations = (
				FA8E17E71F8D3CF9008EA990 /* Debug */,
				FA8E17E81F8D3CF9008EA990 /* Release */,
			);
			defaultConfigurationIsVisible = 0;
			defaultConfigurationName = Release;
		};
/* End XCConfigurationList section */
	};
	rootObject = FA8E17BE1F8D3CF9008EA990 /* Project object */;
}
